
Microsoft Visual Studio Solution File, Format Version 12.00
# Visual Studio 15
VisualStudioVersion = 15.0.28307.705
MinimumVisualStudioVersion = 10.0.40219.1
Project("{9A19103F-16F7-4668-BE54-9A1E7A4F7556}") = "BlogLullaby.DAL", "BlogLullaby.DAL\BlogLullaby.DAL.csproj", "{8FED3AC6-7868-43F4-8738-740BE6335EF2}"
EndProject
Project("{9A19103F-16F7-4668-BE54-9A1E7A4F7556}") = "BlogLullaby.DAL.SqlServerDataStore", "BlogLullaby.DAL.SqlServerDataStore\BlogLullaby.DAL.SqlServerDataStore.csproj", "{9C1BDF4B-D7C0-4577-B0D4-D6E38CC3713B}"
EndProject
Project("{9A19103F-16F7-4668-BE54-9A1E7A4F7556}") = "BlogLullaby.BLL", "BlogLullaby.BLL\BlogLullaby.BLL.csproj", "{CD2CB5BD-5154-482C-B71E-C9A0D1F37361}"
EndProject
Project("{9A19103F-16F7-4668-BE54-9A1E7A4F7556}") = "BlogLullaby.DAL.AspNetCoreIdentityManager", "BlogLullaby.DAL.AspNetCoreIdentityManager\BlogLullaby.DAL.AspNetCoreIdentityManager.csproj", "{28390498-7CB9-420D-B254-0A4AC243AC3E}"
EndProject
Project("{9A19103F-16F7-4668-BE54-9A1E7A4F7556}") = "BlogLullaby.WEB_API", "BlogLullaby.WEB_API\BlogLullaby.WEB_API.csproj", "{20C0B1C4-377B-47EF-B79F-F6985167E145}"
EndProject
Global
	GlobalSection(SolutionConfigurationPlatforms) = preSolution
		Debug|Any CPU = Debug|Any CPU
		Release|Any CPU = Release|Any CPU
	EndGlobalSection
	GlobalSection(ProjectConfigurationPlatforms) = postSolution
		{8FED3AC6-7868-43F4-8738-740BE6335EF2}.Debug|Any CPU.ActiveCfg = Debug|Any CPU
		{8FED3AC6-7868-43F4-8738-740BE6335EF2}.Debug|Any CPU.Build.0 = Debug|Any CPU
		{8FED3AC6-7868-43F4-8738-740BE6335EF2}.Release|Any CPU.ActiveCfg = Release|Any CPU
		{8FED3AC6-7868-43F4-8738-740BE6335EF2}.Release|Any CPU.Build.0 = Release|Any CPU
		{9C1BDF4B-D7C0-4577-B0D4-D6E38CC3713B}.Debug|Any CPU.ActiveCfg = Debug|Any CPU
		{9C1BDF4B-D7C0-4577-B0D4-D6E38CC3713B}.Debug|Any CPU.Build.0 = Debug|Any CPU
		{9C1BDF4B-D7C0-4577-B0D4-D6E38CC3713B}.Release|Any CPU.ActiveCfg = Release|Any CPU
		{9C1BDF4B-D7C0-4577-B0D4-D6E38CC3713B}.Release|Any CPU.Build.0 = Release|Any CPU
		{CD2CB5BD-5154-482C-B71E-C9A0D1F37361}.Debug|Any CPU.ActiveCfg = Debug|Any CPU
		{CD2CB5BD-5154-482C-B71E-C9A0D1F37361}.Debug|Any CPU.Build.0 = Debug|Any CPU
		{CD2CB5BD-5154-482C-B71E-C9A0D1F37361}.Release|Any CPU.ActiveCfg = Release|Any CPU
		{CD2CB5BD-5154-482C-B71E-C9A0D1F37361}.Release|Any CPU.Build.0 = Release|Any CPU
		{28390498-7CB9-420D-B254-0A4AC243AC3E}.Debug|Any CPU.ActiveCfg = Debug|Any CPU
		{28390498-7CB9-420D-B254-0A4AC243AC3E}.Debug|Any CPU.Build.0 = Debug|Any CPU
		{28390498-7CB9-420D-B254-0A4AC243AC3E}.Release|Any CPU.ActiveCfg = Release|Any CPU
		{28390498-7CB9-420D-B254-0A4AC243AC3E}.Release|Any CPU.Build.0 = Release|Any CPU
		{20C0B1C4-377B-47EF-B79F-F6985167E145}.Debug|Any CPU.ActiveCfg = Debug|Any CPU
		{20C0B1C4-377B-47EF-B79F-F6985167E145}.Debug|Any CPU.Build.0 = Debug|Any CPU
		{20C0B1C4-377B-47EF-B79F-F6985167E145}.Release|Any CPU.ActiveCfg = Release|Any CPU
		{20C0B1C4-377B-47EF-B79F-F6985167E145}.Release|Any CPU.Build.0 = Release|Any CPU
	EndGlobalSection
	GlobalSection(SolutionProperties) = preSolution
		HideSolutionNode = FALSE
	EndGlobalSection
	GlobalSection(ExtensibilityGlobals) = postSolution
		SolutionGuid = {FB4248DF-350A-4F54-A366-F7736D08B896}
	EndGlobalSection
EndGlobal
